
Microsoft Visual Studio Solution File, Format Version 12.00
# Visual Studio Version 16
VisualStudioVersion = 16.0.30516.212
MinimumVisualStudioVersion = 10.0.40219.1
Project("{9A19103F-16F7-4668-BE54-9A1E7A4F7556}") = "OrlyBot", "OrlyBot.csproj", "{9CCA35F0-8D30-4D70-BE0A-DD04BEB86A49}"
EndProject
Project("{2150E333-8FDC-42A3-9474-1A3956D46DE8}") = "Solution Items", "Solution Items", "{94C444A6-D7C7-44C8-93F6-C55BACA7FC51}"
	ProjectSection(SolutionItems) = preProject
		.editorconfig = .editorconfig
	EndProjectSection
EndProject
Global
	GlobalSection(SolutionConfigurationPlatforms) = preSolution
		Debug|Any CPU = Debug|Any CPU
		Release|Any CPU = Release|Any CPU
	EndGlobalSection
	GlobalSection(ProjectConfigurationPlatforms) = postSolution
		{9CCA35F0-8D30-4D70-BE0A-DD04BEB86A49}.Debug|Any CPU.ActiveCfg = Debug|Any CPU
		{9CCA35F0-8D30-4D70-BE0A-DD04BEB86A49}.Debug|Any CPU.Build.0 = Debug|Any CPU
		{9CCA35F0-8D30-4D70-BE0A-DD04BEB86A49}.Release|Any CPU.ActiveCfg = Release|Any CPU
		{9CCA35F0-8D30-4D70-BE0A-DD04BEB86A49}.Release|Any CPU.Build.0 = Release|Any CPU
	EndGlobalSection
	GlobalSection(SolutionProperties) = preSolution
		HideSolutionNode = FALSE
	EndGlobalSection
	GlobalSection(ExtensibilityGlobals) = postSolution
		SolutionGuid = {39186837-217F-4623-A329-22841DE185ED}
	EndGlobalSection
EndGlobal
